{
  "version": 4,
  "terraform_version": "1.7.5",
  "serial": 2,
  "lineage": "f4d9ee4e-64d9-9944-42e6-99957eddb7ab",
  "outputs": {
    "vpcidmyoutput": {
      "value": "vpc-05bc879bb19955f28",
      "type": "string"
    }
  },
  "resources": [
    {
      "mode": "managed",
      "type": "aws_vpc",
      "name": "myvpc1",
      "provider": "provider[\"registry.terraform.io/hashicorp/aws\"]",
      "instances": [
        {
          "schema_version": 1,
          "attributes": {
            "arn": "arn:aws:ec2:us-east-1:339712847186:vpc/vpc-05bc879bb19955f28",
            "assign_generated_ipv6_cidr_block": false,
            "cidr_block": "10.0.0.0/16",
            "default_network_acl_id": "acl-04973eb96f379778e",
            "default_route_table_id": "rtb-0c12b31a758ca190b",
            "default_security_group_id": "sg-097a2c242466392f7",
            "dhcp_options_id": "dopt-062e971ef162c3bf9",
            "enable_dns_hostnames": false,
            "enable_dns_support": true,
            "enable_network_address_usage_metrics": false,
            "id": "vpc-05bc879bb19955f28",
            "instance_tenancy": "default",
            "ipv4_ipam_pool_id": null,
            "ipv4_netmask_length": null,
            "ipv6_association_id": "",
            "ipv6_cidr_block": "",
            "ipv6_cidr_block_network_border_group": "",
            "ipv6_ipam_pool_id": "",
            "ipv6_netmask_length": 0,
            "main_route_table_id": "rtb-0c12b31a758ca190b",
            "owner_id": "339712847186",
            "tags": {
              "Name": "inputtest"
            },
            "tags_all": {
              "Name": "inputtest"
            }
          },
          "sensitive_attributes": [],
          "private": "eyJzY2hlbWFfdmVyc2lvbiI6IjEifQ=="
        }
      ]
    }
  ],
  "check_results": null
}
